
Microsoft Visual Studio Solution File, Format Version 12.00
Project("{F2A71F9B-5D33-465A-A702-920D77279786}") = "FSharp-Comp1", "FSharp-Comp1\FSharp-Comp1.fsproj", "{A98222F6-9F65-476E-BA06-CDDBD47F263D}"
EndProject
Global
	GlobalSection(SolutionConfigurationPlatforms) = preSolution
		Debug|Any CPU = Debug|Any CPU
		Release|Any CPU = Release|Any CPU
	EndGlobalSection
	GlobalSection(ProjectConfigurationPlatforms) = postSolution
		{A98222F6-9F65-476E-BA06-CDDBD47F263D}.Debug|Any CPU.ActiveCfg = Debug|Any CPU
		{A98222F6-9F65-476E-BA06-CDDBD47F263D}.Debug|Any CPU.Build.0 = Debug|Any CPU
		{A98222F6-9F65-476E-BA06-CDDBD47F263D}.Release|Any CPU.ActiveCfg = Release|Any CPU
		{A98222F6-9F65-476E-BA06-CDDBD47F263D}.Release|Any CPU.Build.0 = Release|Any CPU
	EndGlobalSection
EndGlobal
